
Microsoft Visual Studio Solution File, Format Version 12.00
# Visual Studio Version 16
VisualStudioVersion = 16.0.30517.126
MinimumVisualStudioVersion = 10.0.40219.1
Project("{FAE04EC0-301F-11D3-BF4B-00C04F79EFBC}") = "DataFromFile", "DataFromFile\DataFromFile.csproj", "{81BF0A96-0425-4B4D-8CB7-CAD2B4834EF6}"
EndProject
Project("{FAE04EC0-301F-11D3-BF4B-00C04F79EFBC}") = "Horoscope", "Horoscope\Horoscope.csproj", "{BD754911-B1A5-4B1C-B66A-16E6DD46235E}"
EndProject
Global
	GlobalSection(SolutionConfigurationPlatforms) = preSolution
		Debug|Any CPU = Debug|Any CPU
		Release|Any CPU = Release|Any CPU
	EndGlobalSection
	GlobalSection(ProjectConfigurationPlatforms) = postSolution
		{81BF0A96-0425-4B4D-8CB7-CAD2B4834EF6}.Debug|Any CPU.ActiveCfg = Debug|Any CPU
		{81BF0A96-0425-4B4D-8CB7-CAD2B4834EF6}.Debug|Any CPU.Build.0 = Debug|Any CPU
		{81BF0A96-0425-4B4D-8CB7-CAD2B4834EF6}.Release|Any CPU.ActiveCfg = Release|Any CPU
		{81BF0A96-0425-4B4D-8CB7-CAD2B4834EF6}.Release|Any CPU.Build.0 = Release|Any CPU
		{BD754911-B1A5-4B1C-B66A-16E6DD46235E}.Debug|Any CPU.ActiveCfg = Debug|Any CPU
		{BD754911-B1A5-4B1C-B66A-16E6DD46235E}.Debug|Any CPU.Build.0 = Debug|Any CPU
		{BD754911-B1A5-4B1C-B66A-16E6DD46235E}.Release|Any CPU.ActiveCfg = Release|Any CPU
		{BD754911-B1A5-4B1C-B66A-16E6DD46235E}.Release|Any CPU.Build.0 = Release|Any CPU
	EndGlobalSection
	GlobalSection(SolutionProperties) = preSolution
		HideSolutionNode = FALSE
	EndGlobalSection
	GlobalSection(ExtensibilityGlobals) = postSolution
		SolutionGuid = {D2FF18F6-1BB7-47E1-99F9-50238830009B}
	EndGlobalSection
EndGlobal
